
Microsoft Visual Studio Solution File, Format Version 12.00
# Visual Studio 15
VisualStudioVersion = 15.0.28307.421
MinimumVisualStudioVersion = 10.0.40219.1
Project("{FAE04EC0-301F-11D3-BF4B-00C04F79EFBC}") = "SiteJenkins", "SiteJenkins\SiteJenkins.csproj", "{D3E96493-CD96-4A2B-A8E2-FD6ABFA94032}"
EndProject
Project("{FAE04EC0-301F-11D3-BF4B-00C04F79EFBC}") = "SiteJenkins.Tests", "SiteJenkins.Tests\SiteJenkins.Tests.csproj", "{5CA6DE26-7F50-45A3-B44A-6983D4690C92}"
EndProject
Global
	GlobalSection(SolutionConfigurationPlatforms) = preSolution
		Debug|Any CPU = Debug|Any CPU
		Release|Any CPU = Release|Any CPU
	EndGlobalSection
	GlobalSection(ProjectConfigurationPlatforms) = postSolution
		{D3E96493-CD96-4A2B-A8E2-FD6ABFA94032}.Debug|Any CPU.ActiveCfg = Debug|Any CPU
		{D3E96493-CD96-4A2B-A8E2-FD6ABFA94032}.Debug|Any CPU.Build.0 = Debug|Any CPU
		{D3E96493-CD96-4A2B-A8E2-FD6ABFA94032}.Release|Any CPU.ActiveCfg = Release|Any CPU
		{D3E96493-CD96-4A2B-A8E2-FD6ABFA94032}.Release|Any CPU.Build.0 = Release|Any CPU
		{5CA6DE26-7F50-45A3-B44A-6983D4690C92}.Debug|Any CPU.ActiveCfg = Debug|Any CPU
		{5CA6DE26-7F50-45A3-B44A-6983D4690C92}.Debug|Any CPU.Build.0 = Debug|Any CPU
		{5CA6DE26-7F50-45A3-B44A-6983D4690C92}.Release|Any CPU.ActiveCfg = Release|Any CPU
		{5CA6DE26-7F50-45A3-B44A-6983D4690C92}.Release|Any CPU.Build.0 = Release|Any CPU
	EndGlobalSection
	GlobalSection(SolutionProperties) = preSolution
		HideSolutionNode = FALSE
	EndGlobalSection
	GlobalSection(ExtensibilityGlobals) = postSolution
		SolutionGuid = {7B3C451E-A647-459E-B8D9-4D654C57843F}
	EndGlobalSection
EndGlobal
